
Microsoft Visual Studio Solution File, Format Version 12.00
# Visual Studio Version 16
VisualStudioVersion = 16.0.30503.244
MinimumVisualStudioVersion = 10.0.40219.1
Project("{FAE04EC0-301F-11D3-BF4B-00C04F79EFBC}") = "FleetManager", "FleetManager\FleetManager.csproj", "{110C98BC-E931-4B05-BC3E-E17311439C66}"
EndProject
Project("{FAE04EC0-301F-11D3-BF4B-00C04F79EFBC}") = "FleetManager.DataAccessLayer", "FleetManager.DataAccessLayer\FleetManager.DataAccessLayer.csproj", "{C9F4DB15-34FF-4500-A92F-35E2B44EFC68}"
EndProject
Global
	GlobalSection(SolutionConfigurationPlatforms) = preSolution
		Debug|Any CPU = Debug|Any CPU
		Release|Any CPU = Release|Any CPU
	EndGlobalSection
	GlobalSection(ProjectConfigurationPlatforms) = postSolution
		{110C98BC-E931-4B05-BC3E-E17311439C66}.Debug|Any CPU.ActiveCfg = Debug|Any CPU
		{110C98BC-E931-4B05-BC3E-E17311439C66}.Debug|Any CPU.Build.0 = Debug|Any CPU
		{110C98BC-E931-4B05-BC3E-E17311439C66}.Release|Any CPU.ActiveCfg = Release|Any CPU
		{110C98BC-E931-4B05-BC3E-E17311439C66}.Release|Any CPU.Build.0 = Release|Any CPU
		{C9F4DB15-34FF-4500-A92F-35E2B44EFC68}.Debug|Any CPU.ActiveCfg = Debug|Any CPU
		{C9F4DB15-34FF-4500-A92F-35E2B44EFC68}.Debug|Any CPU.Build.0 = Debug|Any CPU
		{C9F4DB15-34FF-4500-A92F-35E2B44EFC68}.Release|Any CPU.ActiveCfg = Release|Any CPU
		{C9F4DB15-34FF-4500-A92F-35E2B44EFC68}.Release|Any CPU.Build.0 = Release|Any CPU
	EndGlobalSection
	GlobalSection(SolutionProperties) = preSolution
		HideSolutionNode = FALSE
	EndGlobalSection
	GlobalSection(ExtensibilityGlobals) = postSolution
		SolutionGuid = {65D7E71C-BE22-477F-AAAF-6B5088852E07}
	EndGlobalSection
EndGlobal
